
Microsoft Visual Studio Solution File, Format Version 12.00
# Visual Studio 15
VisualStudioVersion = 15.0.28307.489
MinimumVisualStudioVersion = 10.0.40219.1
Project("{FAE04EC0-301F-11D3-BF4B-00C04F79EFBC}") = "ConsoleApp2", "ConsoleApp2\ConsoleApp2.csproj", "{EF9EF882-173C-46A1-B47C-BEC1BA3731DA}"
EndProject
Global
	GlobalSection(SolutionConfigurationPlatforms) = preSolution
		Debug|Any CPU = Debug|Any CPU
		Release|Any CPU = Release|Any CPU
	EndGlobalSection
	GlobalSection(ProjectConfigurationPlatforms) = postSolution
		{EF9EF882-173C-46A1-B47C-BEC1BA3731DA}.Debug|Any CPU.ActiveCfg = Debug|Any CPU
		{EF9EF882-173C-46A1-B47C-BEC1BA3731DA}.Debug|Any CPU.Build.0 = Debug|Any CPU
		{EF9EF882-173C-46A1-B47C-BEC1BA3731DA}.Release|Any CPU.ActiveCfg = Release|Any CPU
		{EF9EF882-173C-46A1-B47C-BEC1BA3731DA}.Release|Any CPU.Build.0 = Release|Any CPU
	EndGlobalSection
	GlobalSection(SolutionProperties) = preSolution
		HideSolutionNode = FALSE
	EndGlobalSection
	GlobalSection(ExtensibilityGlobals) = postSolution
		SolutionGuid = {D915C6AF-26EB-4B29-A4F6-EFDE5EF71887}
	EndGlobalSection
EndGlobal
